
Microsoft Visual Studio Solution File, Format Version 12.00
# Visual Studio 15
VisualStudioVersion = 15.0.26430.6
MinimumVisualStudioVersion = 10.0.40219.1
Project("{2150E333-8FDC-42A3-9474-1A3956D46DE8}") = "Tests", "Tests", "{A069A413-BAC7-4A21-826F-A3409948FC4B}"
EndProject
Project("{FAE04EC0-301F-11D3-BF4B-00C04F79EFBC}") = "PillarForge.Kata.RomanNumerals.Unit.Tests", "PillarForge.Kata.RomanNumerals.Unit.Tests\PillarForge.Kata.RomanNumerals.Unit.Tests.csproj", "{DA02CA0E-0921-450A-B2B3-6344470286E8}"
EndProject
Project("{FAE04EC0-301F-11D3-BF4B-00C04F79EFBC}") = "PillarForge.Kata.RomanNumerals", "PillarForge.Kata.RomanNumerals\PillarForge.Kata.RomanNumerals.csproj", "{FD4D768B-18E0-44A4-B2D4-C976259FDF0C}"
EndProject
Global
	GlobalSection(SolutionConfigurationPlatforms) = preSolution
		Debug|Any CPU = Debug|Any CPU
		Release|Any CPU = Release|Any CPU
	EndGlobalSection
	GlobalSection(ProjectConfigurationPlatforms) = postSolution
		{DA02CA0E-0921-450A-B2B3-6344470286E8}.Debug|Any CPU.ActiveCfg = Debug|Any CPU
		{DA02CA0E-0921-450A-B2B3-6344470286E8}.Debug|Any CPU.Build.0 = Debug|Any CPU
		{DA02CA0E-0921-450A-B2B3-6344470286E8}.Release|Any CPU.ActiveCfg = Release|Any CPU
		{DA02CA0E-0921-450A-B2B3-6344470286E8}.Release|Any CPU.Build.0 = Release|Any CPU
		{FD4D768B-18E0-44A4-B2D4-C976259FDF0C}.Debug|Any CPU.ActiveCfg = Debug|Any CPU
		{FD4D768B-18E0-44A4-B2D4-C976259FDF0C}.Debug|Any CPU.Build.0 = Debug|Any CPU
		{FD4D768B-18E0-44A4-B2D4-C976259FDF0C}.Release|Any CPU.ActiveCfg = Release|Any CPU
		{FD4D768B-18E0-44A4-B2D4-C976259FDF0C}.Release|Any CPU.Build.0 = Release|Any CPU
	EndGlobalSection
	GlobalSection(SolutionProperties) = preSolution
		HideSolutionNode = FALSE
	EndGlobalSection
	GlobalSection(NestedProjects) = preSolution
		{DA02CA0E-0921-450A-B2B3-6344470286E8} = {A069A413-BAC7-4A21-826F-A3409948FC4B}
		{FD4D768B-18E0-44A4-B2D4-C976259FDF0C} = {A069A413-BAC7-4A21-826F-A3409948FC4B}
	EndGlobalSection
EndGlobal
